
Microsoft Visual Studio Solution File, Format Version 12.00
# Visual Studio 15
VisualStudioVersion = 15.0.26124.0
MinimumVisualStudioVersion = 15.0.26124.0
Project("{2150E333-8FDC-42A3-9474-1A3956D46DE8}") = "src", "src", "{A787619E-0644-4602-8546-74053C04A30D}"
EndProject
Project("{FAE04EC0-301F-11D3-BF4B-00C04F79EFBC}") = "CommandAPI", "src\CommandAPI\CommandAPI.csproj", "{3163629A-88FE-4FB8-A40A-963E2EEAFDD1}"
EndProject
Project("{2150E333-8FDC-42A3-9474-1A3956D46DE8}") = "test", "test", "{A724B6FB-CEC9-47DA-8931-C20622D3F5B2}"
EndProject
Project("{FAE04EC0-301F-11D3-BF4B-00C04F79EFBC}") = "CommandAPI.Tests", "test\CommandAPI.Tests\CommandAPI.Tests.csproj", "{5DB928A4-55B3-446A-9786-C9C335D5773D}"
EndProject
Global
	GlobalSection(SolutionConfigurationPlatforms) = preSolution
		Debug|Any CPU = Debug|Any CPU
		Debug|x64 = Debug|x64
		Debug|x86 = Debug|x86
		Release|Any CPU = Release|Any CPU
		Release|x64 = Release|x64
		Release|x86 = Release|x86
	EndGlobalSection
	GlobalSection(SolutionProperties) = preSolution
		HideSolutionNode = FALSE
	EndGlobalSection
	GlobalSection(ProjectConfigurationPlatforms) = postSolution
		{3163629A-88FE-4FB8-A40A-963E2EEAFDD1}.Debug|Any CPU.ActiveCfg = Debug|Any CPU
		{3163629A-88FE-4FB8-A40A-963E2EEAFDD1}.Debug|Any CPU.Build.0 = Debug|Any CPU
		{3163629A-88FE-4FB8-A40A-963E2EEAFDD1}.Debug|x64.ActiveCfg = Debug|Any CPU
		{3163629A-88FE-4FB8-A40A-963E2EEAFDD1}.Debug|x64.Build.0 = Debug|Any CPU
		{3163629A-88FE-4FB8-A40A-963E2EEAFDD1}.Debug|x86.ActiveCfg = Debug|Any CPU
		{3163629A-88FE-4FB8-A40A-963E2EEAFDD1}.Debug|x86.Build.0 = Debug|Any CPU
		{3163629A-88FE-4FB8-A40A-963E2EEAFDD1}.Release|Any CPU.ActiveCfg = Release|Any CPU
		{3163629A-88FE-4FB8-A40A-963E2EEAFDD1}.Release|Any CPU.Build.0 = Release|Any CPU
		{3163629A-88FE-4FB8-A40A-963E2EEAFDD1}.Release|x64.ActiveCfg = Release|Any CPU
		{3163629A-88FE-4FB8-A40A-963E2EEAFDD1}.Release|x64.Build.0 = Release|Any CPU
		{3163629A-88FE-4FB8-A40A-963E2EEAFDD1}.Release|x86.ActiveCfg = Release|Any CPU
		{3163629A-88FE-4FB8-A40A-963E2EEAFDD1}.Release|x86.Build.0 = Release|Any CPU
		{5DB928A4-55B3-446A-9786-C9C335D5773D}.Debug|Any CPU.ActiveCfg = Debug|Any CPU
		{5DB928A4-55B3-446A-9786-C9C335D5773D}.Debug|Any CPU.Build.0 = Debug|Any CPU
		{5DB928A4-55B3-446A-9786-C9C335D5773D}.Debug|x64.ActiveCfg = Debug|Any CPU
		{5DB928A4-55B3-446A-9786-C9C335D5773D}.Debug|x64.Build.0 = Debug|Any CPU
		{5DB928A4-55B3-446A-9786-C9C335D5773D}.Debug|x86.ActiveCfg = Debug|Any CPU
		{5DB928A4-55B3-446A-9786-C9C335D5773D}.Debug|x86.Build.0 = Debug|Any CPU
		{5DB928A4-55B3-446A-9786-C9C335D5773D}.Release|Any CPU.ActiveCfg = Release|Any CPU
		{5DB928A4-55B3-446A-9786-C9C335D5773D}.Release|Any CPU.Build.0 = Release|Any CPU
		{5DB928A4-55B3-446A-9786-C9C335D5773D}.Release|x64.ActiveCfg = Release|Any CPU
		{5DB928A4-55B3-446A-9786-C9C335D5773D}.Release|x64.Build.0 = Release|Any CPU
		{5DB928A4-55B3-446A-9786-C9C335D5773D}.Release|x86.ActiveCfg = Release|Any CPU
		{5DB928A4-55B3-446A-9786-C9C335D5773D}.Release|x86.Build.0 = Release|Any CPU
	EndGlobalSection
	GlobalSection(NestedProjects) = preSolution
		{3163629A-88FE-4FB8-A40A-963E2EEAFDD1} = {A787619E-0644-4602-8546-74053C04A30D}
		{5DB928A4-55B3-446A-9786-C9C335D5773D} = {A724B6FB-CEC9-47DA-8931-C20622D3F5B2}
	EndGlobalSection
EndGlobal
